
Microsoft Visual Studio Solution File, Format Version 12.00
# Visual Studio 15
VisualStudioVersion = 15.0.26730.3
MinimumVisualStudioVersion = 10.0.40219.1
Project("{9A19103F-16F7-4668-BE54-9A1E7A4F7556}") = "ApiGateway", "src\ApiGateway\ApiGateway.csproj", "{CD7AEB7E-1A63-4A3D-8B1B-7083D4FA060C}"
EndProject
Project("{9A19103F-16F7-4668-BE54-9A1E7A4F7556}") = "Planets", "src\component\Planets\Planets.csproj", "{40855E98-5FA2-4B37-B46E-02E30E0D010D}"
EndProject
Project("{2150E333-8FDC-42A3-9474-1A3956D46DE8}") = "src", "src", "{F7FBFBB3-B65C-451C-8543-5F5BA02CFBFD}"
EndProject
Project("{2150E333-8FDC-42A3-9474-1A3956D46DE8}") = "component", "component", "{070232B8-38AA-41A9-8640-33C096A501E5}"
EndProject
Project("{2150E333-8FDC-42A3-9474-1A3956D46DE8}") = "test", "test", "{20B579AD-4D3A-4C7F-8104-AE4A9F2BF819}"
EndProject
Project("{FAE04EC0-301F-11D3-BF4B-00C04F79EFBC}") = "Logging", "src\component\Logging\Logging.csproj", "{2E0B18CC-4D8B-4E17-B217-A6FFEC1E46AE}"
EndProject
Global
	GlobalSection(SolutionConfigurationPlatforms) = preSolution
		Debug|Any CPU = Debug|Any CPU
		Release|Any CPU = Release|Any CPU
	EndGlobalSection
	GlobalSection(ProjectConfigurationPlatforms) = postSolution
		{CD7AEB7E-1A63-4A3D-8B1B-7083D4FA060C}.Debug|Any CPU.ActiveCfg = Debug|Any CPU
		{CD7AEB7E-1A63-4A3D-8B1B-7083D4FA060C}.Debug|Any CPU.Build.0 = Debug|Any CPU
		{CD7AEB7E-1A63-4A3D-8B1B-7083D4FA060C}.Release|Any CPU.ActiveCfg = Release|Any CPU
		{CD7AEB7E-1A63-4A3D-8B1B-7083D4FA060C}.Release|Any CPU.Build.0 = Release|Any CPU
		{40855E98-5FA2-4B37-B46E-02E30E0D010D}.Debug|Any CPU.ActiveCfg = Debug|Any CPU
		{40855E98-5FA2-4B37-B46E-02E30E0D010D}.Debug|Any CPU.Build.0 = Debug|Any CPU
		{40855E98-5FA2-4B37-B46E-02E30E0D010D}.Release|Any CPU.ActiveCfg = Release|Any CPU
		{40855E98-5FA2-4B37-B46E-02E30E0D010D}.Release|Any CPU.Build.0 = Release|Any CPU
		{2E0B18CC-4D8B-4E17-B217-A6FFEC1E46AE}.Debug|Any CPU.ActiveCfg = Debug|Any CPU
		{2E0B18CC-4D8B-4E17-B217-A6FFEC1E46AE}.Debug|Any CPU.Build.0 = Debug|Any CPU
		{2E0B18CC-4D8B-4E17-B217-A6FFEC1E46AE}.Release|Any CPU.ActiveCfg = Release|Any CPU
		{2E0B18CC-4D8B-4E17-B217-A6FFEC1E46AE}.Release|Any CPU.Build.0 = Release|Any CPU
	EndGlobalSection
	GlobalSection(SolutionProperties) = preSolution
		HideSolutionNode = FALSE
	EndGlobalSection
	GlobalSection(NestedProjects) = preSolution
		{CD7AEB7E-1A63-4A3D-8B1B-7083D4FA060C} = {F7FBFBB3-B65C-451C-8543-5F5BA02CFBFD}
		{40855E98-5FA2-4B37-B46E-02E30E0D010D} = {070232B8-38AA-41A9-8640-33C096A501E5}
		{070232B8-38AA-41A9-8640-33C096A501E5} = {F7FBFBB3-B65C-451C-8543-5F5BA02CFBFD}
		{2E0B18CC-4D8B-4E17-B217-A6FFEC1E46AE} = {070232B8-38AA-41A9-8640-33C096A501E5}
	EndGlobalSection
	GlobalSection(ExtensibilityGlobals) = postSolution
		SolutionGuid = {8806C8D7-4099-4AE7-8B79-EDF83385BF5F}
	EndGlobalSection
EndGlobal
